
Microsoft Visual Studio Solution File, Format Version 12.00
# Visual Studio Version 17
VisualStudioVersion = 17.8.34309.116
MinimumVisualStudioVersion = 10.0.40219.1
Project("{FAE04EC0-301F-11D3-BF4B-00C04F79EFBC}") = "SecureSphere_V1", "SecureSphere_V1.csproj", "{527A412C-9E1E-4A62-81FF-DB943A3BB20E}"
EndProject
Global
	GlobalSection(SolutionConfigurationPlatforms) = preSolution
		Debug|Any CPU = Debug|Any CPU
		Release|Any CPU = Release|Any CPU
	EndGlobalSection
	GlobalSection(ProjectConfigurationPlatforms) = postSolution
		{527A412C-9E1E-4A62-81FF-DB943A3BB20E}.Debug|Any CPU.ActiveCfg = Debug|Any CPU
		{527A412C-9E1E-4A62-81FF-DB943A3BB20E}.Debug|Any CPU.Build.0 = Debug|Any CPU
		{527A412C-9E1E-4A62-81FF-DB943A3BB20E}.Release|Any CPU.ActiveCfg = Release|Any CPU
		{527A412C-9E1E-4A62-81FF-DB943A3BB20E}.Release|Any CPU.Build.0 = Release|Any CPU
	EndGlobalSection
	GlobalSection(SolutionProperties) = preSolution
		HideSolutionNode = FALSE
	EndGlobalSection
	GlobalSection(ExtensibilityGlobals) = postSolution
		SolutionGuid = {FF922614-ED1E-452D-B70C-2AA59C200BE7}
	EndGlobalSection
EndGlobal
